
Microsoft Visual Studio Solution File, Format Version 12.00
# Visual Studio Version 17
VisualStudioVersion = 17.12.35707.178 d17.12
MinimumVisualStudioVersion = 10.0.40219.1
Project("{FAE04EC0-301F-11D3-BF4B-00C04F79EFBC}") = "ListaDeTarefas", "ListaDeTarefas\ListaDeTarefas.csproj", "{736B6542-B351-4FD3-BA67-C2C0BEA1A21A}"
EndProject
Global
	GlobalSection(SolutionConfigurationPlatforms) = preSolution
		Debug|Any CPU = Debug|Any CPU
		Release|Any CPU = Release|Any CPU
	EndGlobalSection
	GlobalSection(ProjectConfigurationPlatforms) = postSolution
		{736B6542-B351-4FD3-BA67-C2C0BEA1A21A}.Debug|Any CPU.ActiveCfg = Debug|Any CPU
		{736B6542-B351-4FD3-BA67-C2C0BEA1A21A}.Debug|Any CPU.Build.0 = Debug|Any CPU
		{736B6542-B351-4FD3-BA67-C2C0BEA1A21A}.Release|Any CPU.ActiveCfg = Release|Any CPU
		{736B6542-B351-4FD3-BA67-C2C0BEA1A21A}.Release|Any CPU.Build.0 = Release|Any CPU
	EndGlobalSection
	GlobalSection(SolutionProperties) = preSolution
		HideSolutionNode = FALSE
	EndGlobalSection
EndGlobal
